# This file was autogenerated by Stack.
# You should not edit this file by hand.
# For more information, please see the documentation at:
#   https://docs.haskellstack.org/en/stable/lock_files

packages:
- completed:
    hackage: hakyll-4.13.4.0@sha256:d97cb1b1cf7b901ce049e6e0aa5b1ac702cf52d2e475f5d3fe2de3694bb7dc7b,8867
    pantry-tree:
      size: 7841
      sha256: e31b612480429149bd2c042dd49cdb1a5eb9c807d4acce4a971a6da3d6f5db81
  original:
    hackage: hakyll-4.13.4.0@sha256:d97cb1b1cf7b901ce049e6e0aa5b1ac702cf52d2e475f5d3fe2de3694bb7dc7b,8867
snapshots:
- completed:
    size: 524154
    url: https://raw.githubusercontent.com/commercialhaskell/stackage-snapshots/master/lts/14/20.yaml
    sha256: 2f5099f69ddb6abfe64400fe1e6a604e8e628f55e6837211cd70a81eb0a8fa4d
  original: lts-14.20
